
Microsoft Visual Studio Solution File, Format Version 12.00
# Visual Studio Version 16
VisualStudioVersion = 16.0.31729.503
MinimumVisualStudioVersion = 10.0.40219.1
Project("{9A19103F-16F7-4668-BE54-9A1E7A4F7556}") = "MyCalculator", "MyCalculator\MyCalculator.csproj", "{74BC07F4-C52B-46EA-BE2F-A95B228DC1E0}"
EndProject
Project("{9A19103F-16F7-4668-BE54-9A1E7A4F7556}") = "Calculator.Domain", "Calculator.Domain\Calculator.Domain.csproj", "{5B48F90C-1EB6-468B-9433-C348ABF095FE}"
EndProject
Project("{FAE04EC0-301F-11D3-BF4B-00C04F79EFBC}") = "Calculator.Domain.Tests", "Calculator.Domain.Tests\Calculator.Domain.Tests.csproj", "{AE1AC9D2-ECB9-4719-A8B3-1B6A33704DEF}"
EndProject
Global
	GlobalSection(SolutionConfigurationPlatforms) = preSolution
		Debug|Any CPU = Debug|Any CPU
		Release|Any CPU = Release|Any CPU
	EndGlobalSection
	GlobalSection(ProjectConfigurationPlatforms) = postSolution
		{74BC07F4-C52B-46EA-BE2F-A95B228DC1E0}.Debug|Any CPU.ActiveCfg = Debug|Any CPU
		{74BC07F4-C52B-46EA-BE2F-A95B228DC1E0}.Debug|Any CPU.Build.0 = Debug|Any CPU
		{74BC07F4-C52B-46EA-BE2F-A95B228DC1E0}.Release|Any CPU.ActiveCfg = Release|Any CPU
		{74BC07F4-C52B-46EA-BE2F-A95B228DC1E0}.Release|Any CPU.Build.0 = Release|Any CPU
		{5B48F90C-1EB6-468B-9433-C348ABF095FE}.Debug|Any CPU.ActiveCfg = Debug|Any CPU
		{5B48F90C-1EB6-468B-9433-C348ABF095FE}.Debug|Any CPU.Build.0 = Debug|Any CPU
		{5B48F90C-1EB6-468B-9433-C348ABF095FE}.Release|Any CPU.ActiveCfg = Release|Any CPU
		{5B48F90C-1EB6-468B-9433-C348ABF095FE}.Release|Any CPU.Build.0 = Release|Any CPU
		{AE1AC9D2-ECB9-4719-A8B3-1B6A33704DEF}.Debug|Any CPU.ActiveCfg = Debug|Any CPU
		{AE1AC9D2-ECB9-4719-A8B3-1B6A33704DEF}.Debug|Any CPU.Build.0 = Debug|Any CPU
		{AE1AC9D2-ECB9-4719-A8B3-1B6A33704DEF}.Release|Any CPU.ActiveCfg = Release|Any CPU
		{AE1AC9D2-ECB9-4719-A8B3-1B6A33704DEF}.Release|Any CPU.Build.0 = Release|Any CPU
	EndGlobalSection
	GlobalSection(SolutionProperties) = preSolution
		HideSolutionNode = FALSE
	EndGlobalSection
	GlobalSection(ExtensibilityGlobals) = postSolution
		SolutionGuid = {DB183EF9-5FC8-4196-A093-D898C5C4F878}
	EndGlobalSection
EndGlobal
